{
  "name": "angular-examples",
  "version": "0.1.0",
  "lockfileVersion": 1,
  "requires": true,
  "dependencies": {
    "@angular/animations": {
      "version": "6.0.0-rc.5",
      "resolved": "https://registry.npmjs.org/@angular/animations/-/animations-6.0.0-rc.5.tgz",
      "integrity": "sha512-dJAqLU8kTkW6W84q0VH5oX06CwMX4VXKokn2sMqboOZ5iHkZWfA+lO6wTjS+1pQ2jJ4EOc2HSyBovdGo7jPbLQ==",
      "requires": {
        "tslib": "1.9.0"
      }
    },
    "@angular/common": {
      "version": "6.0.0-rc.5",
      "resolved": "https://registry.npmjs.org/@angular/common/-/common-6.0.0-rc.5.tgz",
      "integrity": "sha512-1NKIKHz7Zqt+OOOp6lF4w/O2/iKjhhYEYpjYG7MRzwQOJmSzxK2KEpw2m80I+rF/SqGakZ46MPthAwa9XC2IBw==",
      "requires": {
        "tslib": "1.9.0"
      }
    },
    "@angular/compiler": {
      "version": "6.0.0-rc.5",
      "resolved": "https://registry.npmjs.org/@angular/compiler/-/compiler-6.0.0-rc.5.tgz",
      "integrity": "sha512-Re2oVZd2HRwkbuu5OR1pkgf3vIUZwzezLuOv/NzRgEY/v67cCeYit16Eg/0iGnwLybD3ptqrBtMls1X/ydssZA==",
      "requires": {
        "tslib": "1.9.0"
      }
    },
    "@angular/core": {
      "version": "6.0.0-rc.5",
      "resolved": "https://registry.npmjs.org/@angular/core/-/core-6.0.0-rc.5.tgz",
      "integrity": "sha512-2pZ0HgLBU5BcR8+S1Ju0FLMG15W0TgVS1I7AWE+CO/4TYDsC8/WYfQFuPNZvqwEU6M9yedWKjaNQB/Xzb32Sqg==",
      "requires": {
        "tslib": "1.9.0"
      }
    },
    "@angular/platform-browser": {
      "version": "6.0.0-rc.5",
      "resolved": "https://registry.npmjs.org/@angular/platform-browser/-/platform-browser-6.0.0-rc.5.tgz",
      "integrity": "sha512-65B6mC3qkMCl7iDI8q8t7N9yj6i4gTStupi5j4VeB0TRTnlAnXBFM3fiy43svVyuQE42qVO0MrJQ3wleJmUN5g==",
      "requires": {
        "tslib": "1.9.0"
      }
    },
    "@angular/platform-browser-dynamic": {
      "version": "6.0.0-rc.5",
      "resolved": "https://registry.npmjs.org/@angular/platform-browser-dynamic/-/platform-browser-dynamic-6.0.0-rc.5.tgz",
      "integrity": "sha512-FvOyyhSLbFPtR1YsWX3UI7QoHutUjHE68ilcm0DVL2IOKiop7ofGHyBlUcHuy4JEWzqzHQYtXVDDk2jfI+gTMA==",
      "requires": {
        "tslib": "1.9.0"
      }
    },
    "@types/node": {
      "version": "9.6.6",
      "resolved": "https://registry.npmjs.org/@types/node/-/node-9.6.6.tgz",
      "integrity": "sha512-SJe0g5cZeGNDP5sD8mIX3scb+eq8LQQZ60FXiKZHipYSeEFZ5EKml+NNMiO76F74TY4PoMWlNxF/YRY40FOvZQ==",
      "dev": true
    },
    "@types/systemjs": {
      "version": "0.20.6",
      "resolved": "https://registry.npmjs.org/@types/systemjs/-/systemjs-0.20.6.tgz",
      "integrity": "sha512-p3yv9sBBJXi3noUG216BpUI7VtVBUAvBIfZNTiDROUY31YBfsFHM4DreS7XMekN8IjtX0ysvCnm6r3WnirnNeA==",
      "dev": true
    },
    "core-js": {
      "version": "2.5.5",
      "resolved": "https://registry.npmjs.org/core-js/-/core-js-2.5.5.tgz",
      "integrity": "sha1-sU3ek2xkDAV5prUMq8wTLdYSfjs="
    },
    "mime-db": {
      "version": "1.33.0",
      "resolved": "https://registry.npmjs.org/mime-db/-/mime-db-1.33.0.tgz",
      "integrity": "sha512-BHJ/EKruNIqJf/QahvxwQZXKygOQ256myeN/Ew+THcAa5q+PjyTTMMeNQC4DZw5AwfvelsUrA6B67NKMqXDbzQ=="
    },
    "mime-types": {
      "version": "2.1.18",
      "resolved": "https://registry.npmjs.org/mime-types/-/mime-types-2.1.18.tgz",
      "integrity": "sha512-lc/aahn+t4/SWV/qcmumYjymLsWfN3ELhpmVuUFjgsORruuZPVSwAQryq+HHGvO/SI2KVX26bx+En+zhM8g8hQ==",
      "requires": {
        "mime-db": "1.33.0"
      }
    },
    "plugin-typescript": {
      "version": "8.0.0",
      "resolved": "https://registry.npmjs.org/plugin-typescript/-/plugin-typescript-8.0.0.tgz",
      "integrity": "sha512-9P25tRwjKgk1J1U1VMVJxHhL4OxouurN9otoQ2DJHDoZ8urxKS7G+e9rpiag3pbYpT7EcWqELEYAk/ssOOfQeg=="
    },
    "rxjs": {
      "version": "5.5.8",
      "resolved": "https://registry.npmjs.org/rxjs/-/rxjs-5.5.8.tgz",
      "integrity": "sha512-Bz7qou7VAIoGiglJZbzbXa4vpX5BmTTN2Dj/se6+SwADtw4SihqBIiEa7VmTXJ8pynvq0iFr5Gx9VLyye1rIxQ==",
      "requires": {
        "symbol-observable": "1.0.1"
      }
    },
    "symbol-observable": {
      "version": "1.0.1",
      "resolved": "https://registry.npmjs.org/symbol-observable/-/symbol-observable-1.0.1.tgz",
      "integrity": "sha1-g0D8RwLDEi310iKI+IKD9RPT/dQ="
    },
    "systemjs": {
      "version": "0.21.3",
      "resolved": "https://registry.npmjs.org/systemjs/-/systemjs-0.21.3.tgz",
      "integrity": "sha512-1x0kczVnT83fq/nE3ysXra9EEhOKv4+cMS95YkexWY8128J2VL8rk/nTWZig8qoY4/ZKZwZQWOECPx3XgAjjiA=="
    },
    "tslib": {
      "version": "1.9.0",
      "resolved": "https://registry.npmjs.org/tslib/-/tslib-1.9.0.tgz",
      "integrity": "sha512-f/qGG2tUkrISBlQZEjEqoZ3B2+npJjIf04H1wuAv9iA8i04Icp+61KRXxFdha22670NJopsZCIjhC3SnjPRKrQ=="
    },
    "typescript": {
      "version": "2.8.3",
      "resolved": "https://registry.npmjs.org/typescript/-/typescript-2.8.3.tgz",
      "integrity": "sha512-K7g15Bb6Ra4lKf7Iq2l/I5/En+hLIHmxWZGq3D4DIRNFxMNV6j2SHSvDOqs2tGd4UvD/fJvrwopzQXjLrT7Itw=="
    },
    "zone.js": {
      "version": "0.8.26",
      "resolved": "https://registry.npmjs.org/zone.js/-/zone.js-0.8.26.tgz",
      "integrity": "sha512-W9Nj+UmBJG251wkCacIkETgra4QgBo/vgoEkb4a2uoLzpQG7qF9nzwoLXWU5xj3Fg2mxGvEDh47mg24vXccYjA=="
    }
  }
}
