{
  "name": "angular-examples",
  "version": "0.1.0",
  "lockfileVersion": 1,
  "requires": true,
  "dependencies": {
    "@angular/common": {
      "version": "5.2.4",
      "resolved": "https://registry.npmjs.org/@angular/common/-/common-5.2.4.tgz",
      "integrity": "sha512-PNtg7lzCBUgYo5Rj+/j11EVKhLfrUkkh81ecBwexk6VcDJebmvBO1HdGppV5UPzEH/StL1mTwLc95dOI0hHSJA==",
      "requires": {
        "tslib": "1.9.0"
      }
    },
    "@angular/compiler": {
      "version": "5.2.4",
      "resolved": "https://registry.npmjs.org/@angular/compiler/-/compiler-5.2.4.tgz",
      "integrity": "sha512-KFaGcm/5OKJRxXIxrS53IYPtqta9u2xLLedrWspxIvI59ImfzeZGnLGPhfrI0pbK7wY0rJ5YdGYQnzq33dh01A==",
      "requires": {
        "tslib": "1.9.0"
      }
    },
    "@angular/core": {
      "version": "5.2.4",
      "resolved": "https://registry.npmjs.org/@angular/core/-/core-5.2.4.tgz",
      "integrity": "sha512-GPnxUf7g8Mz0AUttKKcqaw0m2xZujwwzojkg3xUIvHrNFFF5/HH5549PfnE1jD7qkmnDFx5j3IPuNkwYHW6XvA==",
      "requires": {
        "tslib": "1.9.0"
      }
    },
    "@angular/platform-browser": {
      "version": "5.2.4",
      "resolved": "https://registry.npmjs.org/@angular/platform-browser/-/platform-browser-5.2.4.tgz",
      "integrity": "sha512-chv6h2aHQ/QoVA4Y6rpPpSju7vyLg/iMh516GxpGYVk6bHEdrH9pHJPulPcrt/LTd7lMAAHE3YmvYWVU6aDsaQ==",
      "requires": {
        "tslib": "1.9.0"
      }
    },
    "@angular/platform-browser-dynamic": {
      "version": "5.2.4",
      "resolved": "https://registry.npmjs.org/@angular/platform-browser-dynamic/-/platform-browser-dynamic-5.2.4.tgz",
      "integrity": "sha512-B3pv6FUTWA1daDYhx6b77FCFCzHQPuCyrsJQwMSSu6Xt+CYn2gc3dS0ph3B6cV6mnt1qIbEpML+Vp5Bi9x0Mkw==",
      "requires": {
        "tslib": "1.9.0"
      }
    },
    "core-js": {
      "version": "2.5.3",
      "resolved": "https://registry.npmjs.org/core-js/-/core-js-2.5.3.tgz",
      "integrity": "sha1-isw4NFgk8W2DZbfJtCWRaOjtYD4="
    },
    "mime-db": {
      "version": "1.30.0",
      "resolved": "https://registry.npmjs.org/mime-db/-/mime-db-1.30.0.tgz",
      "integrity": "sha1-dMZD2i3Z1qRTmZY0ZbJtXKfXHwE="
    },
    "mime-types": {
      "version": "2.1.17",
      "resolved": "https://registry.npmjs.org/mime-types/-/mime-types-2.1.17.tgz",
      "integrity": "sha1-Cdejk/A+mVp5+K+Fe3Cp4KsWVXo=",
      "requires": {
        "mime-db": "1.30.0"
      }
    },
    "plugin-typescript": {
      "version": "8.0.0",
      "resolved": "https://registry.npmjs.org/plugin-typescript/-/plugin-typescript-8.0.0.tgz",
      "integrity": "sha512-9P25tRwjKgk1J1U1VMVJxHhL4OxouurN9otoQ2DJHDoZ8urxKS7G+e9rpiag3pbYpT7EcWqELEYAk/ssOOfQeg=="
    },
    "rxjs": {
      "version": "5.5.6",
      "resolved": "https://registry.npmjs.org/rxjs/-/rxjs-5.5.6.tgz",
      "integrity": "sha512-v4Q5HDC0FHAQ7zcBX7T2IL6O5ltl1a2GX4ENjPXg6SjDY69Cmx9v4113C99a4wGF16ClPv5Z8mghuYorVkg/kg==",
      "requires": {
        "symbol-observable": "1.0.1"
      }
    },
    "symbol-observable": {
      "version": "1.0.1",
      "resolved": "https://registry.npmjs.org/symbol-observable/-/symbol-observable-1.0.1.tgz",
      "integrity": "sha1-g0D8RwLDEi310iKI+IKD9RPT/dQ="
    },
    "systemjs": {
      "version": "0.21.0",
      "resolved": "https://registry.npmjs.org/systemjs/-/systemjs-0.21.0.tgz",
      "integrity": "sha512-Ly/H3MUDaxl5OzMJ/loGFLWPao0h6WHcN6LHlI2HdsTJfZY9sYyn5B2SDnifuBlOUFlTr65rLAP+vSAXDsxOtg=="
    },
    "tslib": {
      "version": "1.9.0",
      "resolved": "https://registry.npmjs.org/tslib/-/tslib-1.9.0.tgz",
      "integrity": "sha512-f/qGG2tUkrISBlQZEjEqoZ3B2+npJjIf04H1wuAv9iA8i04Icp+61KRXxFdha22670NJopsZCIjhC3SnjPRKrQ=="
    },
    "typescript": {
      "version": "2.7.1",
      "resolved": "https://registry.npmjs.org/typescript/-/typescript-2.7.1.tgz",
      "integrity": "sha512-bqB1yS6o9TNA9ZC/MJxM0FZzPnZdtHj0xWK/IZ5khzVqdpGul/R/EIiHRgFXlwTD7PSIaYVnGKq1QgMCu2mnqw=="
    },
    "zone.js": {
      "version": "0.8.20",
      "resolved": "https://registry.npmjs.org/zone.js/-/zone.js-0.8.20.tgz",
      "integrity": "sha512-FXlA37ErSXCMy5RNBcGFgCI/Zivqzr0D19GuvDxhcYIJc7xkFp6c29DKyODJu0Zo+EMyur/WPPgcBh1EHjB9jA=="
    }
  }
}
