{
  "name": "angular-examples",
  "version": "0.1.0",
  "lockfileVersion": 1,
  "requires": true,
  "dependencies": {
    "@angular/common": {
      "version": "6.0.0-beta.3",
      "resolved": "https://registry.npmjs.org/@angular/common/-/common-6.0.0-beta.3.tgz",
      "integrity": "sha512-PvmGrDYw5R0YouViSIkHUb0xUImGQoe9PPVr1hJWkASFxUcjCiCSNy7sgw84rTtkuQuOB8+WebbjTxnumYDmjw==",
      "requires": {
        "tslib": "1.9.0"
      }
    },
    "@angular/compiler": {
      "version": "6.0.0-beta.3",
      "resolved": "https://registry.npmjs.org/@angular/compiler/-/compiler-6.0.0-beta.3.tgz",
      "integrity": "sha512-v8h1Pc60K51Ur1ifsntIoD5ii7dUNCo2xpASdt6kSgvTwFE65R55RGMY2OcCrhK3xLGys5xxvheZmt0cqJ+vTA==",
      "requires": {
        "tslib": "1.9.0"
      }
    },
    "@angular/core": {
      "version": "6.0.0-beta.3",
      "resolved": "https://registry.npmjs.org/@angular/core/-/core-6.0.0-beta.3.tgz",
      "integrity": "sha512-4Iy6wI598aob9mOMKcpLMltr5750/fjdj4EcOeFQ56SYM2BUA+UnI0X0o4VMaprwGf1PjptjPE/D6BeJv+Z3Ww==",
      "requires": {
        "tslib": "1.9.0"
      }
    },
    "@angular/platform-browser": {
      "version": "6.0.0-beta.3",
      "resolved": "https://registry.npmjs.org/@angular/platform-browser/-/platform-browser-6.0.0-beta.3.tgz",
      "integrity": "sha512-jnKLLZ09rJdJpMbq5WKC7kKXTJ7vBm6je/ucxPJr8uRQ7ucjVesEcIK/NCXHR+LX8LLNP3yo7K0tiXXpB5i9DA==",
      "requires": {
        "tslib": "1.9.0"
      }
    },
    "@angular/platform-browser-dynamic": {
      "version": "6.0.0-beta.3",
      "resolved": "https://registry.npmjs.org/@angular/platform-browser-dynamic/-/platform-browser-dynamic-6.0.0-beta.3.tgz",
      "integrity": "sha512-YvaijZVMlObo+a2XbO3LwF/8fpsneDZflWkk8xS4KAH6f9T9V9ztpPFPs5o09KQYbn9oT7meODNnotPdq/NOWQ==",
      "requires": {
        "tslib": "1.9.0"
      }
    },
    "@types/node": {
      "version": "9.4.6",
      "resolved": "https://registry.npmjs.org/@types/node/-/node-9.4.6.tgz",
      "integrity": "sha512-CTUtLb6WqCCgp6P59QintjHWqzf4VL1uPA27bipLAPxFqrtK1gEYllePzTICGqQ8rYsCbpnsNypXjjDzGAAjEQ==",
      "dev": true
    },
    "@types/systemjs": {
      "version": "0.20.6",
      "resolved": "https://registry.npmjs.org/@types/systemjs/-/systemjs-0.20.6.tgz",
      "integrity": "sha512-p3yv9sBBJXi3noUG216BpUI7VtVBUAvBIfZNTiDROUY31YBfsFHM4DreS7XMekN8IjtX0ysvCnm6r3WnirnNeA==",
      "dev": true
    },
    "core-js": {
      "version": "2.5.3",
      "resolved": "https://registry.npmjs.org/core-js/-/core-js-2.5.3.tgz",
      "integrity": "sha1-isw4NFgk8W2DZbfJtCWRaOjtYD4="
    },
    "mime-db": {
      "version": "1.30.0",
      "resolved": "https://registry.npmjs.org/mime-db/-/mime-db-1.30.0.tgz",
      "integrity": "sha1-dMZD2i3Z1qRTmZY0ZbJtXKfXHwE="
    },
    "mime-types": {
      "version": "2.1.17",
      "resolved": "https://registry.npmjs.org/mime-types/-/mime-types-2.1.17.tgz",
      "integrity": "sha1-Cdejk/A+mVp5+K+Fe3Cp4KsWVXo=",
      "requires": {
        "mime-db": "1.30.0"
      }
    },
    "plugin-typescript": {
      "version": "8.0.0",
      "resolved": "https://registry.npmjs.org/plugin-typescript/-/plugin-typescript-8.0.0.tgz",
      "integrity": "sha512-9P25tRwjKgk1J1U1VMVJxHhL4OxouurN9otoQ2DJHDoZ8urxKS7G+e9rpiag3pbYpT7EcWqELEYAk/ssOOfQeg=="
    },
    "rxjs": {
      "version": "5.5.6",
      "resolved": "https://registry.npmjs.org/rxjs/-/rxjs-5.5.6.tgz",
      "integrity": "sha512-v4Q5HDC0FHAQ7zcBX7T2IL6O5ltl1a2GX4ENjPXg6SjDY69Cmx9v4113C99a4wGF16ClPv5Z8mghuYorVkg/kg==",
      "requires": {
        "symbol-observable": "1.0.1"
      }
    },
    "symbol-observable": {
      "version": "1.0.1",
      "resolved": "https://registry.npmjs.org/symbol-observable/-/symbol-observable-1.0.1.tgz",
      "integrity": "sha1-g0D8RwLDEi310iKI+IKD9RPT/dQ="
    },
    "systemjs": {
      "version": "0.21.0",
      "resolved": "https://registry.npmjs.org/systemjs/-/systemjs-0.21.0.tgz",
      "integrity": "sha512-Ly/H3MUDaxl5OzMJ/loGFLWPao0h6WHcN6LHlI2HdsTJfZY9sYyn5B2SDnifuBlOUFlTr65rLAP+vSAXDsxOtg=="
    },
    "tslib": {
      "version": "1.9.0",
      "resolved": "https://registry.npmjs.org/tslib/-/tslib-1.9.0.tgz",
      "integrity": "sha512-f/qGG2tUkrISBlQZEjEqoZ3B2+npJjIf04H1wuAv9iA8i04Icp+61KRXxFdha22670NJopsZCIjhC3SnjPRKrQ=="
    },
    "typescript": {
      "version": "2.7.1",
      "resolved": "https://registry.npmjs.org/typescript/-/typescript-2.7.1.tgz",
      "integrity": "sha512-bqB1yS6o9TNA9ZC/MJxM0FZzPnZdtHj0xWK/IZ5khzVqdpGul/R/EIiHRgFXlwTD7PSIaYVnGKq1QgMCu2mnqw=="
    },
    "zone.js": {
      "version": "0.8.20",
      "resolved": "https://registry.npmjs.org/zone.js/-/zone.js-0.8.20.tgz",
      "integrity": "sha512-FXlA37ErSXCMy5RNBcGFgCI/Zivqzr0D19GuvDxhcYIJc7xkFp6c29DKyODJu0Zo+EMyur/WPPgcBh1EHjB9jA=="
    }
  }
}
